
Microsoft Visual Studio Solution File, Format Version 12.00
# Visual Studio Version 16
VisualStudioVersion = 16.0.32002.261
MinimumVisualStudioVersion = 10.0.40219.1
Project("{9A19103F-16F7-4668-BE54-9A1E7A4F7556}") = "WebAPIapp", "WebAPIapp\WebAPIapp.csproj", "{07933003-4509-46B0-8D62-6FFEEAD55DD7}"
EndProject
Project("{9A19103F-16F7-4668-BE54-9A1E7A4F7556}") = "Website", "Website\Website.csproj", "{1880317A-4332-4B11-B5BF-4CFCD286F492}"
EndProject
Global
	GlobalSection(SolutionConfigurationPlatforms) = preSolution
		Debug|Any CPU = Debug|Any CPU
		Release|Any CPU = Release|Any CPU
	EndGlobalSection
	GlobalSection(ProjectConfigurationPlatforms) = postSolution
		{07933003-4509-46B0-8D62-6FFEEAD55DD7}.Debug|Any CPU.ActiveCfg = Debug|Any CPU
		{07933003-4509-46B0-8D62-6FFEEAD55DD7}.Debug|Any CPU.Build.0 = Debug|Any CPU
		{07933003-4509-46B0-8D62-6FFEEAD55DD7}.Release|Any CPU.ActiveCfg = Release|Any CPU
		{07933003-4509-46B0-8D62-6FFEEAD55DD7}.Release|Any CPU.Build.0 = Release|Any CPU
		{1880317A-4332-4B11-B5BF-4CFCD286F492}.Debug|Any CPU.ActiveCfg = Debug|Any CPU
		{1880317A-4332-4B11-B5BF-4CFCD286F492}.Debug|Any CPU.Build.0 = Debug|Any CPU
		{1880317A-4332-4B11-B5BF-4CFCD286F492}.Release|Any CPU.ActiveCfg = Release|Any CPU
		{1880317A-4332-4B11-B5BF-4CFCD286F492}.Release|Any CPU.Build.0 = Release|Any CPU
	EndGlobalSection
	GlobalSection(SolutionProperties) = preSolution
		HideSolutionNode = FALSE
	EndGlobalSection
	GlobalSection(ExtensibilityGlobals) = postSolution
		SolutionGuid = {99712499-1328-4A34-A167-5E751617CF38}
	EndGlobalSection
EndGlobal
